// !$*UTF8*$!
{
	archiveVersion = 1;
	classes = {
	};
	objectVersion = 56;
	objects = {

/* Begin PBXBuildFile section */
		846626ED2F297042002935DE /* JTACApp.swift in Sources */ = {isa = PBXBuildFile; fileRef = 846626EC2F297042002935DE /* JTACApp.swift */; };
		846626F12F297042002935DE /* Item.swift in Sources */ = {isa = PBXBuildFile; fileRef = 846626F02F297042002935DE /* Item.swift */; };
		846626F32F297044002935DE /* Assets.xcassets in Resources */ = {isa = PBXBuildFile; fileRef = 846626F22F297044002935DE /* Assets.xcassets */; };
		846626F72F297044002935DE /* Preview Assets.xcassets in Resources */ = {isa = PBXBuildFile; fileRef = 846626F62F297044002935DE /* Preview Assets.xcassets */; };
		846627012F297044002935DE /* JTACTests.swift in Sources */ = {isa = PBXBuildFile; fileRef = 846627002F297044002935DE /* JTACTests.swift */; };
		8466270B2F297044002935DE /* JTACUITests.swift in Sources */ = {isa = PBXBuildFile; fileRef = 8466270A2F297044002935DE /* JTACUITests.swift */; };
		8466270D2F297044002935DE /* JTACUITestsLaunchTests.swift in Sources */ = {isa = PBXBuildFile; fileRef = 8466270C2F297044002935DE /* JTACUITestsLaunchTests.swift */; };
		8466271B2F297BD2002935DE /* AppNavigation.swift in Sources */ = {isa = PBXBuildFile; fileRef = 8466271A2F297BD2002935DE /* AppNavigation.swift */; };
		8466271E2F297C62002935DE /* MainViewModel.swift in Sources */ = {isa = PBXBuildFile; fileRef = 8466271D2F297C62002935DE /* MainViewModel.swift */; };
		846627212F297CCA002935DE /* MainView.swift in Sources */ = {isa = PBXBuildFile; fileRef = 846627202F297CCA002935DE /* MainView.swift */; };
		846627232F297D06002935DE /* LiveTranscriptView.swift in Sources */ = {isa = PBXBuildFile; fileRef = 846627222F297D06002935DE /* LiveTranscriptView.swift */; };
		846627252F297D32002935DE /* NineLineView.swift in Sources */ = {isa = PBXBuildFile; fileRef = 846627242F297D32002935DE /* NineLineView.swift */; };
		846627272F297D5F002935DE /* MapView.swift in Sources */ = {isa = PBXBuildFile; fileRef = 846627262F297D5F002935DE /* MapView.swift */; };
		8466272A2F297DB5002935DE /* SectionCard.swift in Sources */ = {isa = PBXBuildFile; fileRef = 846627292F297DB5002935DE /* SectionCard.swift */; };
		8466272C2F297DD8002935DE /* MinimizeButton.swift in Sources */ = {isa = PBXBuildFile; fileRef = 8466272B2F297DD8002935DE /* MinimizeButton.swift */; };
		8466272E2F297DFE002935DE /* StatusBar.swift in Sources */ = {isa = PBXBuildFile; fileRef = 8466272D2F297DFE002935DE /* StatusBar.swift */; };
		846627302F297E25002935DE /* ActionButton.swift in Sources */ = {isa = PBXBuildFile; fileRef = 8466272F2F297E25002935DE /* ActionButton.swift */; };
		846627332F297E67002935DE /* AppColors.swift in Sources */ = {isa = PBXBuildFile; fileRef = 846627322F297E67002935DE /* AppColors.swift */; };
/* End PBXBuildFile section */

/* Begin PBXContainerItemProxy section */
		846626FD2F297044002935DE /* PBXContainerItemProxy */ = {
			isa = PBXContainerItemProxy;
			containerPortal = 846626E12F297042002935DE /* Project object */;
			proxyType = 1;
			remoteGlobalIDString = 846626E82F297042002935DE;
			remoteInfo = JTAC;
		};
		846627072F297044002935DE /* PBXContainerItemProxy */ = {
			isa = PBXContainerItemProxy;
			containerPortal = 846626E12F297042002935DE /* Project object */;
			proxyType = 1;
			remoteGlobalIDString = 846626E82F297042002935DE;
			remoteInfo = JTAC;
		};
/* End PBXContainerItemProxy section */

/* Begin PBXFileReference section */
		846626E92F297042002935DE /* JTAC.app */ = {isa = PBXFileReference; explicitFileType = wrapper.application; includeInIndex = 0; path = JTAC.app; sourceTree = BUILT_PRODUCTS_DIR; };
		846626EC2F297042002935DE /* JTACApp.swift */ = {isa = PBXFileReference; lastKnownFileType = sourcecode.swift; path = JTACApp.swift; sourceTree = "<group>"; };
		846626F02F297042002935DE /* Item.swift */ = {isa = PBXFileReference; lastKnownFileType = sourcecode.swift; path = Item.swift; sourceTree = "<group>"; };
		846626F22F297044002935DE /* Assets.xcassets */ = {isa = PBXFileReference; lastKnownFileType = folder.assetcatalog; path = Assets.xcassets; sourceTree = "<group>"; };
		846626F42F297044002935DE /* JTAC.entitlements */ = {isa = PBXFileReference; lastKnownFileType = text.plist.entitlements; path = JTAC.entitlements; sourceTree = "<group>"; };
		846626F62F297044002935DE /* Preview Assets.xcassets */ = {isa = PBXFileReference; lastKnownFileType = folder.assetcatalog; path = "Preview Assets.xcassets"; sourceTree = "<group>"; };
		846626FC2F297044002935DE /* JTACTests.xctest */ = {isa = PBXFileReference; explicitFileType = wrapper.cfbundle; includeInIndex = 0; path = JTACTests.xctest; sourceTree = BUILT_PRODUCTS_DIR; };
		846627002F297044002935DE /* JTACTests.swift */ = {isa = PBXFileReference; lastKnownFileType = sourcecode.swift; path = JTACTests.swift; sourceTree = "<group>"; };
		846627062F297044002935DE /* JTACUITests.xctest */ = {isa = PBXFileReference; explicitFileType = wrapper.cfbundle; includeInIndex = 0; path = JTACUITests.xctest; sourceTree = BUILT_PRODUCTS_DIR; };
		8466270A2F297044002935DE /* JTACUITests.swift */ = {isa = PBXFileReference; lastKnownFileType = sourcecode.swift; path = JTACUITests.swift; sourceTree = "<group>"; };
		8466270C2F297044002935DE /* JTACUITestsLaunchTests.swift */ = {isa = PBXFileReference; lastKnownFileType = sourcecode.swift; path = JTACUITestsLaunchTests.swift; sourceTree = "<group>"; };
		8466271A2F297BD2002935DE /* AppNavigation.swift */ = {isa = PBXFileReference; lastKnownFileType = sourcecode.swift; path = AppNavigation.swift; sourceTree = "<group>"; };
		8466271D2F297C62002935DE /* MainViewModel.swift */ = {isa = PBXFileReference; lastKnownFileType = sourcecode.swift; path = MainViewModel.swift; sourceTree = "<group>"; };
		846627202F297CCA002935DE /* MainView.swift */ = {isa = PBXFileReference; lastKnownFileType = sourcecode.swift; path = MainView.swift; sourceTree = "<group>"; };
		846627222F297D06002935DE /* LiveTranscriptView.swift */ = {isa = PBXFileReference; lastKnownFileType = sourcecode.swift; path = LiveTranscriptView.swift; sourceTree = "<group>"; };
		846627242F297D32002935DE /* NineLineView.swift */ = {isa = PBXFileReference; lastKnownFileType = sourcecode.swift; path = NineLineView.swift; sourceTree = "<group>"; };
		846627262F297D5F002935DE /* MapView.swift */ = {isa = PBXFileReference; lastKnownFileType = sourcecode.swift; path = MapView.swift; sourceTree = "<group>"; };
		846627292F297DB5002935DE /* SectionCard.swift */ = {isa = PBXFileReference; lastKnownFileType = sourcecode.swift; path = SectionCard.swift; sourceTree = "<group>"; };
		8466272B2F297DD8002935DE /* MinimizeButton.swift */ = {isa = PBXFileReference; lastKnownFileType = sourcecode.swift; path = MinimizeButton.swift; sourceTree = "<group>"; };
		8466272D2F297DFE002935DE /* StatusBar.swift */ = {isa = PBXFileReference; lastKnownFileType = sourcecode.swift; path = StatusBar.swift; sourceTree = "<group>"; };
		8466272F2F297E25002935DE /* ActionButton.swift */ = {isa = PBXFileReference; lastKnownFileType = sourcecode.swift; path = ActionButton.swift; sourceTree = "<group>"; };
		846627322F297E67002935DE /* AppColors.swift */ = {isa = PBXFileReference; lastKnownFileType = sourcecode.swift; path = AppColors.swift; sourceTree = "<group>"; };
		846627342F2CD9C1002935DE /* Info.plist */ = {isa = PBXFileReference; lastKnownFileType = text.plist; path = Info.plist; sourceTree = "<group>"; };
/* End PBXFileReference section */

/* Begin PBXFrameworksBuildPhase section */
		846626E62F297042002935DE /* Frameworks */ = {
			isa = PBXFrameworksBuildPhase;
			buildActionMask = 2147483647;
			files = (
			);
			runOnlyForDeploymentPostprocessing = 0;
		};
		846626F92F297044002935DE /* Frameworks */ = {
			isa = PBXFrameworksBuildPhase;
			buildActionMask = 2147483647;
			files = (
			);
			runOnlyForDeploymentPostprocessing = 0;
		};
		846627032F297044002935DE /* Frameworks */ = {
			isa = PBXFrameworksBuildPhase;
			buildActionMask = 2147483647;
			files = (
			);
			runOnlyForDeploymentPostprocessing = 0;
		};
/* End PBXFrameworksBuildPhase section */

/* Begin PBXGroup section */
		846626E02F297042002935DE = {
			isa = PBXGroup;
			children = (
				846626EB2F297042002935DE /* JTAC */,
				846626FF2F297044002935DE /* JTACTests */,
				846627092F297044002935DE /* JTACUITests */,
				846626EA2F297042002935DE /* Products */,
			);
			sourceTree = "<group>";
		};
		846626EA2F297042002935DE /* Products */ = {
			isa = PBXGroup;
			children = (
				846626E92F297042002935DE /* JTAC.app */,
				846626FC2F297044002935DE /* JTACTests.xctest */,
				846627062F297044002935DE /* JTACUITests.xctest */,
			);
			name = Products;
			sourceTree = "<group>";
		};
		846626EB2F297042002935DE /* JTAC */ = {
			isa = PBXGroup;
			children = (
				846627342F2CD9C1002935DE /* Info.plist */,
				846627312F297E4B002935DE /* Utilities */,
				846627282F297D98002935DE /* Components */,
				8466271F2F297CB0002935DE /* Views */,
				8466271C2F297C46002935DE /* ViewModels */,
				846627192F297BA7002935DE /* Models */,
				846626EC2F297042002935DE /* JTACApp.swift */,
				846626F02F297042002935DE /* Item.swift */,
				846626F22F297044002935DE /* Assets.xcassets */,
				846626F42F297044002935DE /* JTAC.entitlements */,
				846626F52F297044002935DE /* Preview Content */,
			);
			path = JTAC;
			sourceTree = "<group>";
		};
		846626F52F297044002935DE /* Preview Content */ = {
			isa = PBXGroup;
			children = (
				846626F62F297044002935DE /* Preview Assets.xcassets */,
			);
			path = "Preview Content";
			sourceTree = "<group>";
		};
		846626FF2F297044002935DE /* JTACTests */ = {
			isa = PBXGroup;
			children = (
				846627002F297044002935DE /* JTACTests.swift */,
			);
			path = JTACTests;
			sourceTree = "<group>";
		};
		846627092F297044002935DE /* JTACUITests */ = {
			isa = PBXGroup;
			children = (
				8466270A2F297044002935DE /* JTACUITests.swift */,
				8466270C2F297044002935DE /* JTACUITestsLaunchTests.swift */,
			);
			path = JTACUITests;
			sourceTree = "<group>";
		};
		846627192F297BA7002935DE /* Models */ = {
			isa = PBXGroup;
			children = (
				8466271A2F297BD2002935DE /* AppNavigation.swift */,
			);
			path = Models;
			sourceTree = "<group>";
		};
		8466271C2F297C46002935DE /* ViewModels */ = {
			isa = PBXGroup;
			children = (
				8466271D2F297C62002935DE /* MainViewModel.swift */,
			);
			path = ViewModels;
			sourceTree = "<group>";
		};
		8466271F2F297CB0002935DE /* Views */ = {
			isa = PBXGroup;
			children = (
				846627202F297CCA002935DE /* MainView.swift */,
				846627222F297D06002935DE /* LiveTranscriptView.swift */,
				846627242F297D32002935DE /* NineLineView.swift */,
				846627262F297D5F002935DE /* MapView.swift */,
			);
			path = Views;
			sourceTree = "<group>";
		};
		846627282F297D98002935DE /* Components */ = {
			isa = PBXGroup;
			children = (
				846627292F297DB5002935DE /* SectionCard.swift */,
				8466272B2F297DD8002935DE /* MinimizeButton.swift */,
				8466272D2F297DFE002935DE /* StatusBar.swift */,
				8466272F2F297E25002935DE /* ActionButton.swift */,
			);
			path = Components;
			sourceTree = "<group>";
		};
		846627312F297E4B002935DE /* Utilities */ = {
			isa = PBXGroup;
			children = (
				846627322F297E67002935DE /* AppColors.swift */,
			);
			path = Utilities;
			sourceTree = "<group>";
		};
/* End PBXGroup section */

/* Begin PBXNativeTarget section */
		846626E82F297042002935DE /* JTAC */ = {
			isa = PBXNativeTarget;
			buildConfigurationList = 846627102F297044002935DE /* Build configuration list for PBXNativeTarget "JTAC" */;
			buildPhases = (
				846626E52F297042002935DE /* Sources */,
				846626E62F297042002935DE /* Frameworks */,
				846626E72F297042002935DE /* Resources */,
			);
			buildRules = (
			);
			dependencies = (
			);
			name = JTAC;
			productName = JTAC;
			productReference = 846626E92F297042002935DE /* JTAC.app */;
			productType = "com.apple.product-type.application";
		};
		846626FB2F297044002935DE /* JTACTests */ = {
			isa = PBXNativeTarget;
			buildConfigurationList = 846627132F297044002935DE /* Build configuration list for PBXNativeTarget "JTACTests" */;
			buildPhases = (
				846626F82F297044002935DE /* Sources */,
				846626F92F297044002935DE /* Frameworks */,
				846626FA2F297044002935DE /* Resources */,
			);
			buildRules = (
			);
			dependencies = (
				846626FE2F297044002935DE /* PBXTargetDependency */,
			);
			name = JTACTests;
			productName = JTACTests;
			productReference = 846626FC2F297044002935DE /* JTACTests.xctest */;
			productType = "com.apple.product-type.bundle.unit-test";
		};
		846627052F297044002935DE /* JTACUITests */ = {
			isa = PBXNativeTarget;
			buildConfigurationList = 846627162F297044002935DE /* Build configuration list for PBXNativeTarget "JTACUITests" */;
			buildPhases = (
				846627022F297044002935DE /* Sources */,
				846627032F297044002935DE /* Frameworks */,
				846627042F297044002935DE /* Resources */,
			);
			buildRules = (
			);
			dependencies = (
				846627082F297044002935DE /* PBXTargetDependency */,
			);
			name = JTACUITests;
			productName = JTACUITests;
			productReference = 846627062F297044002935DE /* JTACUITests.xctest */;
			productType = "com.apple.product-type.bundle.ui-testing";
		};
/* End PBXNativeTarget section */

/* Begin PBXProject section */
		846626E12F297042002935DE /* Project object */ = {
			isa = PBXProject;
			attributes = {
				BuildIndependentTargetsInParallel = 1;
				LastSwiftUpdateCheck = 1530;
				LastUpgradeCheck = 1530;
				TargetAttributes = {
					846626E82F297042002935DE = {
						CreatedOnToolsVersion = 15.3;
					};
					846626FB2F297044002935DE = {
						CreatedOnToolsVersion = 15.3;
						TestTargetID = 846626E82F297042002935DE;
					};
					846627052F297044002935DE = {
						CreatedOnToolsVersion = 15.3;
						TestTargetID = 846626E82F297042002935DE;
					};
				};
			};
			buildConfigurationList = 846626E42F297042002935DE /* Build configuration list for PBXProject "		" */;
			compatibilityVersion = "Xcode 14.0";
			developmentRegion = en;
			hasScannedForEncodings = 0;
			knownRegions = (
				en,
				Base,
			);
			mainGroup = 846626E02F297042002935DE;
			productRefGroup = 846626EA2F297042002935DE /* Products */;
			projectDirPath = "";
			projectRoot = "";
			targets = (
				846626E82F297042002935DE /* JTAC */,
				846626FB2F297044002935DE /* JTACTests */,
				846627052F297044002935DE /* JTACUITests */,
			);
		};
/* End PBXProject section */

/* Begin PBXResourcesBuildPhase section */
		846626E72F297042002935DE /* Resources */ = {
			isa = PBXResourcesBuildPhase;
			buildActionMask = 2147483647;
			files = (
				846626F72F297044002935DE /* Preview Assets.xcassets in Resources */,
				846626F32F297044002935DE /* Assets.xcassets in Resources */,
			);
			runOnlyForDeploymentPostprocessing = 0;
		};
		846626FA2F297044002935DE /* Resources */ = {
			isa = PBXResourcesBuildPhase;
			buildActionMask = 2147483647;
			files = (
			);
			runOnlyForDeploymentPostprocessing = 0;
		};
		846627042F297044002935DE /* Resources */ = {
			isa = PBXResourcesBuildPhase;
			buildActionMask = 2147483647;
			files = (
			);
			runOnlyForDeploymentPostprocessing = 0;
		};
/* End PBXResourcesBuildPhase section */

/* Begin PBXSourcesBuildPhase section */
		846626E52F297042002935DE /* Sources */ = {
			isa = PBXSourcesBuildPhase;
			buildActionMask = 2147483647;
			files = (
				846627232F297D06002935DE /* LiveTranscriptView.swift in Sources */,
				846627272F297D5F002935DE /* MapView.swift in Sources */,
				846627252F297D32002935DE /* NineLineView.swift in Sources */,
				846627332F297E67002935DE /* AppColors.swift in Sources */,
				8466272C2F297DD8002935DE /* MinimizeButton.swift in Sources */,
				8466271B2F297BD2002935DE /* AppNavigation.swift in Sources */,
				846626F12F297042002935DE /* Item.swift in Sources */,
				846626ED2F297042002935DE /* JTACApp.swift in Sources */,
				846627212F297CCA002935DE /* MainView.swift in Sources */,
				8466271E2F297C62002935DE /* MainViewModel.swift in Sources */,
				8466272A2F297DB5002935DE /* SectionCard.swift in Sources */,
				8466272E2F297DFE002935DE /* StatusBar.swift in Sources */,
				846627302F297E25002935DE /* ActionButton.swift in Sources */,
			);
			runOnlyForDeploymentPostprocessing = 0;
		};
		846626F82F297044002935DE /* Sources */ = {
			isa = PBXSourcesBuildPhase;
			buildActionMask = 2147483647;
			files = (
				846627012F297044002935DE /* JTACTests.swift in Sources */,
			);
			runOnlyForDeploymentPostprocessing = 0;
		};
		846627022F297044002935DE /* Sources */ = {
			isa = PBXSourcesBuildPhase;
			buildActionMask = 2147483647;
			files = (
				8466270D2F297044002935DE /* JTACUITestsLaunchTests.swift in Sources */,
				8466270B2F297044002935DE /* JTACUITests.swift in Sources */,
			);
			runOnlyForDeploymentPostprocessing = 0;
		};
/* End PBXSourcesBuildPhase section */

/* Begin PBXTargetDependency section */
		846626FE2F297044002935DE /* PBXTargetDependency */ = {
			isa = PBXTargetDependency;
			target = 846626E82F297042002935DE /* JTAC */;
			targetProxy = 846626FD2F297044002935DE /* PBXContainerItemProxy */;
		};
		846627082F297044002935DE /* PBXTargetDependency */ = {
			isa = PBXTargetDependency;
			target = 846626E82F297042002935DE /* JTAC */;
			targetProxy = 846627072F297044002935DE /* PBXContainerItemProxy */;
		};
/* End PBXTargetDependency section */

/* Begin XCBuildConfiguration section */
		8466270E2F297044002935DE /* Debug */ = {
			isa = XCBuildConfiguration;
			buildSettings = {
				ALWAYS_SEARCH_USER_PATHS = NO;
				ASSETCATALOG_COMPILER_GENERATE_SWIFT_ASSET_SYMBOL_EXTENSIONS = YES;
				CLANG_ANALYZER_NONNULL = YES;
				CLANG_ANALYZER_NUMBER_OBJECT_CONVERSION = YES_AGGRESSIVE;
				CLANG_CXX_LANGUAGE_STANDARD = "gnu++20";
				CLANG_ENABLE_MODULES = YES;
				CLANG_ENABLE_OBJC_ARC = YES;
				CLANG_ENABLE_OBJC_WEAK = YES;
				CLANG_WARN_BLOCK_CAPTURE_AUTORELEASING = YES;
				CLANG_WARN_BOOL_CONVERSION = YES;
				CLANG_WARN_COMMA = YES;
				CLANG_WARN_CONSTANT_CONVERSION = YES;
				CLANG_WARN_DEPRECATED_OBJC_IMPLEMENTATIONS = YES;
				CLANG_WARN_DIRECT_OBJC_ISA_USAGE = YES_ERROR;
				CLANG_WARN_DOCUMENTATION_COMMENTS = YES;
				CLANG_WARN_EMPTY_BODY = YES;
				CLANG_WARN_ENUM_CONVERSION = YES;
				CLANG_WARN_INFINITE_RECURSION = YES;
				CLANG_WARN_INT_CONVERSION = YES;
				CLANG_WARN_NON_LITERAL_NULL_CONVERSION = YES;
				CLANG_WARN_OBJC_IMPLICIT_RETAIN_SELF = YES;
				CLANG_WARN_OBJC_LITERAL_CONVERSION = YES;
				CLANG_WARN_OBJC_ROOT_CLASS = YES_ERROR;
				CLANG_WARN_QUOTED_INCLUDE_IN_FRAMEWORK_HEADER = YES;
				CLANG_WARN_RANGE_LOOP_ANALYSIS = YES;
				CLANG_WARN_STRICT_PROTOTYPES = YES;
				CLANG_WARN_SUSPICIOUS_MOVE = YES;
				CLANG_WARN_UNGUARDED_AVAILABILITY = YES_AGGRESSIVE;
				CLANG_WARN_UNREACHABLE_CODE = YES;
				CLANG_WARN__DUPLICATE_METHOD_MATCH = YES;
				COPY_PHASE_STRIP = NO;
				DEBUG_INFORMATION_FORMAT = dwarf;
				ENABLE_STRICT_OBJC_MSGSEND = YES;
				ENABLE_TESTABILITY = YES;
				ENABLE_USER_SCRIPT_SANDBOXING = YES;
				GCC_C_LANGUAGE_STANDARD = gnu17;
				GCC_DYNAMIC_NO_PIC = NO;
				GCC_NO_COMMON_BLOCKS = YES;
				GCC_OPTIMIZATION_LEVEL = 0;
				GCC_PREPROCESSOR_DEFINITIONS = (
					"DEBUG=1",
					"$(inherited)",
				);
				GCC_WARN_64_TO_32_BIT_CONVERSION = YES;
				GCC_WARN_ABOUT_RETURN_TYPE = YES_ERROR;
				GCC_WARN_UNDECLARED_SELECTOR = YES;
				GCC_WARN_UNINITIALIZED_AUTOS = YES_AGGRESSIVE;
				GCC_WARN_UNUSED_FUNCTION = YES;
				GCC_WARN_UNUSED_VARIABLE = YES;
				LOCALIZATION_PREFERS_STRING_CATALOGS = YES;
				MTL_ENABLE_DEBUG_INFO = INCLUDE_SOURCE;
				MTL_FAST_MATH = YES;
				ONLY_ACTIVE_ARCH = YES;
				SWIFT_ACTIVE_COMPILATION_CONDITIONS = "DEBUG $(inherited)";
				SWIFT_OPTIMIZATION_LEVEL = "-Onone";
			};
			name = Debug;
		};
		8466270F2F297044002935DE /* Release */ = {
			isa = XCBuildConfiguration;
			buildSettings = {
				ALWAYS_SEARCH_USER_PATHS = NO;
				ASSETCATALOG_COMPILER_GENERATE_SWIFT_ASSET_SYMBOL_EXTENSIONS = YES;
				CLANG_ANALYZER_NONNULL = YES;
				CLANG_ANALYZER_NUMBER_OBJECT_CONVERSION = YES_AGGRESSIVE;
				CLANG_CXX_LANGUAGE_STANDARD = "gnu++20";
				CLANG_ENABLE_MODULES = YES;
				CLANG_ENABLE_OBJC_ARC = YES;
				CLANG_ENABLE_OBJC_WEAK = YES;
				CLANG_WARN_BLOCK_CAPTURE_AUTORELEASING = YES;
				CLANG_WARN_BOOL_CONVERSION = YES;
				CLANG_WARN_COMMA = YES;
				CLANG_WARN_CONSTANT_CONVERSION = YES;
				CLANG_WARN_DEPRECATED_OBJC_IMPLEMENTATIONS = YES;
				CLANG_WARN_DIRECT_OBJC_ISA_USAGE = YES_ERROR;
				CLANG_WARN_DOCUMENTATION_COMMENTS = YES;
				CLANG_WARN_EMPTY_BODY = YES;
				CLANG_WARN_ENUM_CONVERSION = YES;
				CLANG_WARN_INFINITE_RECURSION = YES;
				CLANG_WARN_INT_CONVERSION = YES;
				CLANG_WARN_NON_LITERAL_NULL_CONVERSION = YES;
				CLANG_WARN_OBJC_IMPLICIT_RETAIN_SELF = YES;
				CLANG_WARN_OBJC_LITERAL_CONVERSION = YES;
				CLANG_WARN_OBJC_ROOT_CLASS = YES_ERROR;
				CLANG_WARN_QUOTED_INCLUDE_IN_FRAMEWORK_HEADER = YES;
				CLANG_WARN_RANGE_LOOP_ANALYSIS = YES;
				CLANG_WARN_STRICT_PROTOTYPES = YES;
				CLANG_WARN_SUSPICIOUS_MOVE = YES;
				CLANG_WARN_UNGUARDED_AVAILABILITY = YES_AGGRESSIVE;
				CLANG_WARN_UNREACHABLE_CODE = YES;
				CLANG_WARN__DUPLICATE_METHOD_MATCH = YES;
				COPY_PHASE_STRIP = NO;
				DEBUG_INFORMATION_FORMAT = "dwarf-with-dsym";
				ENABLE_NS_ASSERTIONS = NO;
				ENABLE_STRICT_OBJC_MSGSEND = YES;
				ENABLE_USER_SCRIPT_SANDBOXING = YES;
				GCC_C_LANGUAGE_STANDARD = gnu17;
				GCC_NO_COMMON_BLOCKS = YES;
				GCC_WARN_64_TO_32_BIT_CONVERSION = YES;
				GCC_WARN_ABOUT_RETURN_TYPE = YES_ERROR;
				GCC_WARN_UNDECLARED_SELECTOR = YES;
				GCC_WARN_UNINITIALIZED_AUTOS = YES_AGGRESSIVE;
				GCC_WARN_UNUSED_FUNCTION = YES;
				GCC_WARN_UNUSED_VARIABLE = YES;
				LOCALIZATION_PREFERS_STRING_CATALOGS = YES;
				MTL_ENABLE_DEBUG_INFO = NO;
				MTL_FAST_MATH = YES;
				SWIFT_COMPILATION_MODE = wholemodule;
			};
			name = Release;
		};
		846627112F297044002935DE /* Debug */ = {
			isa = XCBuildConfiguration;
			buildSettings = {
				ASSETCATALOG_COMPILER_APPICON_NAME = AppIcon;
				ASSETCATALOG_COMPILER_GLOBAL_ACCENT_COLOR_NAME = AccentColor;
				CODE_SIGN_ENTITLEMENTS = JTAC/JTAC.entitlements;
				CODE_SIGN_STYLE = Automatic;
				CURRENT_PROJECT_VERSION = 1;
				DEVELOPMENT_ASSET_PATHS = "\"JTAC/Preview Content\"";
				ENABLE_PREVIEWS = YES;
				GENERATE_INFOPLIST_FILE = YES;
				INFOPLIST_FILE = JTAC/Info.plist;
				INFOPLIST_KEY_NSMicrophoneUsageDescription = "This app needs microphone access to record radio communications for transcription.";
				"INFOPLIST_KEY_UIApplicationSceneManifest_Generation[sdk=iphoneos*]" = YES;
				"INFOPLIST_KEY_UIApplicationSceneManifest_Generation[sdk=iphonesimulator*]" = YES;
				"INFOPLIST_KEY_UIApplicationSupportsIndirectInputEvents[sdk=iphoneos*]" = YES;
				"INFOPLIST_KEY_UIApplicationSupportsIndirectInputEvents[sdk=iphonesimulator*]" = YES;
				"INFOPLIST_KEY_UILaunchScreen_Generation[sdk=iphoneos*]" = YES;
				"INFOPLIST_KEY_UILaunchScreen_Generation[sdk=iphonesimulator*]" = YES;
				"INFOPLIST_KEY_UIStatusBarStyle[sdk=iphoneos*]" = UIStatusBarStyleDefault;
				"INFOPLIST_KEY_UIStatusBarStyle[sdk=iphonesimulator*]" = UIStatusBarStyleDefault;
				INFOPLIST_KEY_UISupportedInterfaceOrientations_iPad = "UIInterfaceOrientationPortrait UIInterfaceOrientationPortraitUpsideDown UIInterfaceOrientationLandscapeLeft UIInterfaceOrientationLandscapeRight";
				INFOPLIST_KEY_UISupportedInterfaceOrientations_iPhone = "UIInterfaceOrientationPortrait UIInterfaceOrientationLandscapeLeft UIInterfaceOrientationLandscapeRight";
				IPHONEOS_DEPLOYMENT_TARGET = 17.4;
				LD_RUNPATH_SEARCH_PATHS = "@executable_path/Frameworks";
				"LD_RUNPATH_SEARCH_PATHS[sdk=macosx*]" = "@executable_path/../Frameworks";
				MACOSX_DEPLOYMENT_TARGET = 14.0;
				MARKETING_VERSION = 1.0;
				PRODUCT_BUNDLE_IDENTIFIER = com.baha.com.JTAC;
				PRODUCT_NAME = "$(TARGET_NAME)";
				SDKROOT = auto;
				SUPPORTED_PLATFORMS = "iphoneos iphonesimulator macosx";
				SWIFT_EMIT_LOC_STRINGS = YES;
				SWIFT_VERSION = 5.0;
				TARGETED_DEVICE_FAMILY = "1,2";
			};
			name = Debug;
		};
		846627122F297044002935DE /* Release */ = {
			isa = XCBuildConfiguration;
			buildSettings = {
				ASSETCATALOG_COMPILER_APPICON_NAME = AppIcon;
				ASSETCATALOG_COMPILER_GLOBAL_ACCENT_COLOR_NAME = AccentColor;
				CODE_SIGN_ENTITLEMENTS = JTAC/JTAC.entitlements;
				CODE_SIGN_STYLE = Automatic;
				CURRENT_PROJECT_VERSION = 1;
				DEVELOPMENT_ASSET_PATHS = "\"JTAC/Preview Content\"";
				ENABLE_PREVIEWS = YES;
				GENERATE_INFOPLIST_FILE = YES;
				INFOPLIST_FILE = JTAC/Info.plist;
				INFOPLIST_KEY_NSMicrophoneUsageDescription = "This app needs microphone access to record radio communications for transcription.";
				"INFOPLIST_KEY_UIApplicationSceneManifest_Generation[sdk=iphoneos*]" = YES;
				"INFOPLIST_KEY_UIApplicationSceneManifest_Generation[sdk=iphonesimulator*]" = YES;
				"INFOPLIST_KEY_UIApplicationSupportsIndirectInputEvents[sdk=iphoneos*]" = YES;
				"INFOPLIST_KEY_UIApplicationSupportsIndirectInputEvents[sdk=iphonesimulator*]" = YES;
				"INFOPLIST_KEY_UILaunchScreen_Generation[sdk=iphoneos*]" = YES;
				"INFOPLIST_KEY_UILaunchScreen_Generation[sdk=iphonesimulator*]" = YES;
				"INFOPLIST_KEY_UIStatusBarStyle[sdk=iphoneos*]" = UIStatusBarStyleDefault;
				"INFOPLIST_KEY_UIStatusBarStyle[sdk=iphonesimulator*]" = UIStatusBarStyleDefault;
				INFOPLIST_KEY_UISupportedInterfaceOrientations_iPad = "UIInterfaceOrientationPortrait UIInterfaceOrientationPortraitUpsideDown UIInterfaceOrientationLandscapeLeft UIInterfaceOrientationLandscapeRight";
				INFOPLIST_KEY_UISupportedInterfaceOrientations_iPhone = "UIInterfaceOrientationPortrait UIInterfaceOrientationLandscapeLeft UIInterfaceOrientationLandscapeRight";
				IPHONEOS_DEPLOYMENT_TARGET = 17.4;
				LD_RUNPATH_SEARCH_PATHS = "@executable_path/Frameworks";
				"LD_RUNPATH_SEARCH_PATHS[sdk=macosx*]" = "@executable_path/../Frameworks";
				MACOSX_DEPLOYMENT_TARGET = 14.0;
				MARKETING_VERSION = 1.0;
				PRODUCT_BUNDLE_IDENTIFIER = com.baha.com.JTAC;
				PRODUCT_NAME = "$(TARGET_NAME)";
				SDKROOT = auto;
				SUPPORTED_PLATFORMS = "iphoneos iphonesimulator macosx";
				SWIFT_EMIT_LOC_STRINGS = YES;
				SWIFT_VERSION = 5.0;
				TARGETED_DEVICE_FAMILY = "1,2";
			};
			name = Release;
		};
		846627142F297044002935DE /* Debug */ = {
			isa = XCBuildConfiguration;
			buildSettings = {
				ALWAYS_EMBED_SWIFT_STANDARD_LIBRARIES = YES;
				BUNDLE_LOADER = "$(TEST_HOST)";
				CODE_SIGN_STYLE = Automatic;
				CURRENT_PROJECT_VERSION = 1;
				GENERATE_INFOPLIST_FILE = YES;
				IPHONEOS_DEPLOYMENT_TARGET = 17.4;
				MACOSX_DEPLOYMENT_TARGET = 14.4;
				MARKETING_VERSION = 1.0;
				PRODUCT_BUNDLE_IDENTIFIER = com.baha.com.JTACTests;
				PRODUCT_NAME = "$(TARGET_NAME)";
				SDKROOT = auto;
				SUPPORTED_PLATFORMS = "iphoneos iphonesimulator macosx";
				SWIFT_EMIT_LOC_STRINGS = NO;
				SWIFT_VERSION = 5.0;
				TARGETED_DEVICE_FAMILY = "1,2";
				TEST_HOST = "$(BUILT_PRODUCTS_DIR)/JTAC.app/$(BUNDLE_EXECUTABLE_FOLDER_PATH)/JTAC";
			};
			name = Debug;
		};
		846627152F297044002935DE /* Release */ = {
			isa = XCBuildConfiguration;
			buildSettings = {
				ALWAYS_EMBED_SWIFT_STANDARD_LIBRARIES = YES;
				BUNDLE_LOADER = "$(TEST_HOST)";
				CODE_SIGN_STYLE = Automatic;
				CURRENT_PROJECT_VERSION = 1;
				GENERATE_INFOPLIST_FILE = YES;
				IPHONEOS_DEPLOYMENT_TARGET = 17.4;
				MACOSX_DEPLOYMENT_TARGET = 14.4;
				MARKETING_VERSION = 1.0;
				PRODUCT_BUNDLE_IDENTIFIER = com.baha.com.JTACTests;
				PRODUCT_NAME = "$(TARGET_NAME)";
				SDKROOT = auto;
				SUPPORTED_PLATFORMS = "iphoneos iphonesimulator macosx";
				SWIFT_EMIT_LOC_STRINGS = NO;
				SWIFT_VERSION = 5.0;
				TARGETED_DEVICE_FAMILY = "1,2";
				TEST_HOST = "$(BUILT_PRODUCTS_DIR)/JTAC.app/$(BUNDLE_EXECUTABLE_FOLDER_PATH)/JTAC";
			};
			name = Release;
		};
		846627172F297044002935DE /* Debug */ = {
			isa = XCBuildConfiguration;
			buildSettings = {
				ALWAYS_EMBED_SWIFT_STANDARD_LIBRARIES = YES;
				CODE_SIGN_STYLE = Automatic;
				CURRENT_PROJECT_VERSION = 1;
				GENERATE_INFOPLIST_FILE = YES;
				IPHONEOS_DEPLOYMENT_TARGET = 17.4;
				MACOSX_DEPLOYMENT_TARGET = 14.4;
				MARKETING_VERSION = 1.0;
				PRODUCT_BUNDLE_IDENTIFIER = com.baha.com.JTACUITests;
				PRODUCT_NAME = "$(TARGET_NAME)";
				SDKROOT = auto;
				SUPPORTED_PLATFORMS = "iphoneos iphonesimulator macosx";
				SWIFT_EMIT_LOC_STRINGS = NO;
				SWIFT_VERSION = 5.0;
				TARGETED_DEVICE_FAMILY = "1,2";
				TEST_TARGET_NAME = JTAC;
			};
			name = Debug;
		};
		846627182F297044002935DE /* Release */ = {
			isa = XCBuildConfiguration;
			buildSettings = {
				ALWAYS_EMBED_SWIFT_STANDARD_LIBRARIES = YES;
				CODE_SIGN_STYLE = Automatic;
				CURRENT_PROJECT_VERSION = 1;
				GENERATE_INFOPLIST_FILE = YES;
				IPHONEOS_DEPLOYMENT_TARGET = 17.4;
				MACOSX_DEPLOYMENT_TARGET = 14.4;
				MARKETING_VERSION = 1.0;
				PRODUCT_BUNDLE_IDENTIFIER = com.baha.com.JTACUITests;
				PRODUCT_NAME = "$(TARGET_NAME)";
				SDKROOT = auto;
				SUPPORTED_PLATFORMS = "iphoneos iphonesimulator macosx";
				SWIFT_EMIT_LOC_STRINGS = NO;
				SWIFT_VERSION = 5.0;
				TARGETED_DEVICE_FAMILY = "1,2";
				TEST_TARGET_NAME = JTAC;
			};
			name = Release;
		};
/* End XCBuildConfiguration section */

/* Begin XCConfigurationList section */
		846626E42F297042002935DE /* Build configuration list for PBXProject "		" */ = {
			isa = XCConfigurationList;
			buildConfigurations = (
				8466270E2F297044002935DE /* Debug */,
				8466270F2F297044002935DE /* Release */,
			);
			defaultConfigurationIsVisible = 0;
			defaultConfigurationName = Release;
		};
		846627102F297044002935DE /* Build configuration list for PBXNativeTarget "JTAC" */ = {
			isa = XCConfigurationList;
			buildConfigurations = (
				846627112F297044002935DE /* Debug */,
				846627122F297044002935DE /* Release */,
			);
			defaultConfigurationIsVisible = 0;
			defaultConfigurationName = Release;
		};
		846627132F297044002935DE /* Build configuration list for PBXNativeTarget "JTACTests" */ = {
			isa = XCConfigurationList;
			buildConfigurations = (
				846627142F297044002935DE /* Debug */,
				846627152F297044002935DE /* Release */,
			);
			defaultConfigurationIsVisible = 0;
			defaultConfigurationName = Release;
		};
		846627162F297044002935DE /* Build configuration list for PBXNativeTarget "JTACUITests" */ = {
			isa = XCConfigurationList;
			buildConfigurations = (
				846627172F297044002935DE /* Debug */,
				846627182F297044002935DE /* Release */,
			);
			defaultConfigurationIsVisible = 0;
			defaultConfigurationName = Release;
		};
/* End XCConfigurationList section */
	};
	rootObject = 846626E12F297042002935DE /* Project object */;
}
